
Microsoft Visual Studio Solution File, Format Version 12.00
# Visual Studio 2012
Project("{FAE04EC0-301F-11D3-BF4B-00C04F79EFBC}") = "InterfaceLocalizer", "InterfaceLocalizer\InterfaceLocalizer.csproj", "{C735B5AD-180A-413C-94A1-D8006B4FAB0C}"
EndProject
Project("{2150E333-8FDC-42A3-9474-1A3956D46DE8}") = "Solution Items", "Solution Items", "{E829AAA6-0096-4CE2-A26C-032DCEAC9300}"
	ProjectSection(SolutionItems) = preProject
		Performance1.psess = Performance1.psess
	EndProjectSection
EndProject
Project("{FAE04EC0-301F-11D3-BF4B-00C04F79EFBC}") = "CmdTranslationChecker", "CmdTranslationChecker\CmdTranslationChecker.csproj", "{858DEE05-C700-4D21-B590-9A45ECCC10AC}"
EndProject
Global
	GlobalSection(SolutionConfigurationPlatforms) = preSolution
		ArabAndroid|Any CPU = ArabAndroid|Any CPU
		ArabAndroid|Mixed Platforms = ArabAndroid|Mixed Platforms
		ArabAndroid|x64 = ArabAndroid|x64
		ArabAndroid|x86 = ArabAndroid|x86
		ArabIOS|Any CPU = ArabIOS|Any CPU
		ArabIOS|Mixed Platforms = ArabIOS|Mixed Platforms
		ArabIOS|x64 = ArabIOS|x64
		ArabIOS|x86 = ArabIOS|x86
		Debug|Any CPU = Debug|Any CPU
		Debug|Mixed Platforms = Debug|Mixed Platforms
		Debug|x64 = Debug|x64
		Debug|x86 = Debug|x86
		DebugAndroid|Any CPU = DebugAndroid|Any CPU
		DebugAndroid|Mixed Platforms = DebugAndroid|Mixed Platforms
		DebugAndroid|x64 = DebugAndroid|x64
		DebugAndroid|x86 = DebugAndroid|x86
		DebugIOS|Any CPU = DebugIOS|Any CPU
		DebugIOS|Mixed Platforms = DebugIOS|Mixed Platforms
		DebugIOS|x64 = DebugIOS|x64
		DebugIOS|x86 = DebugIOS|x86
		Mixed|Any CPU = Mixed|Any CPU
		Mixed|Mixed Platforms = Mixed|Mixed Platforms
		Mixed|x64 = Mixed|x64
		Mixed|x86 = Mixed|x86
		Release|Any CPU = Release|Any CPU
		Release|Mixed Platforms = Release|Mixed Platforms
		Release|x64 = Release|x64
		Release|x86 = Release|x86
	EndGlobalSection
	GlobalSection(ProjectConfigurationPlatforms) = postSolution
		{C735B5AD-180A-413C-94A1-D8006B4FAB0C}.ArabAndroid|Any CPU.ActiveCfg = ArabAndroid|x86
		{C735B5AD-180A-413C-94A1-D8006B4FAB0C}.ArabAndroid|Any CPU.Build.0 = ArabAndroid|x86
		{C735B5AD-180A-413C-94A1-D8006B4FAB0C}.ArabAndroid|Mixed Platforms.ActiveCfg = ArabAndroid|x86
		{C735B5AD-180A-413C-94A1-D8006B4FAB0C}.ArabAndroid|Mixed Platforms.Build.0 = ArabAndroid|x86
		{C735B5AD-180A-413C-94A1-D8006B4FAB0C}.ArabAndroid|x64.ActiveCfg = ArabAndroid|x86
		{C735B5AD-180A-413C-94A1-D8006B4FAB0C}.ArabAndroid|x86.ActiveCfg = ArabAndroid|x86
		{C735B5AD-180A-413C-94A1-D8006B4FAB0C}.ArabAndroid|x86.Build.0 = ArabAndroid|x86
		{C735B5AD-180A-413C-94A1-D8006B4FAB0C}.ArabIOS|Any CPU.ActiveCfg = ArabIOS|x86
		{C735B5AD-180A-413C-94A1-D8006B4FAB0C}.ArabIOS|Any CPU.Build.0 = ArabIOS|x86
		{C735B5AD-180A-413C-94A1-D8006B4FAB0C}.ArabIOS|Mixed Platforms.ActiveCfg = ArabIOS|x86
		{C735B5AD-180A-413C-94A1-D8006B4FAB0C}.ArabIOS|Mixed Platforms.Build.0 = ArabIOS|x86
		{C735B5AD-180A-413C-94A1-D8006B4FAB0C}.ArabIOS|x64.ActiveCfg = ArabIOS|x86
		{C735B5AD-180A-413C-94A1-D8006B4FAB0C}.ArabIOS|x86.ActiveCfg = ArabIOS|x86
		{C735B5AD-180A-413C-94A1-D8006B4FAB0C}.ArabIOS|x86.Build.0 = ArabIOS|x86
		{C735B5AD-180A-413C-94A1-D8006B4FAB0C}.Debug|Any CPU.ActiveCfg = Debug|x86
		{C735B5AD-180A-413C-94A1-D8006B4FAB0C}.Debug|Any CPU.Build.0 = Debug|x86
		{C735B5AD-180A-413C-94A1-D8006B4FAB0C}.Debug|Mixed Platforms.ActiveCfg = Debug|x86
		{C735B5AD-180A-413C-94A1-D8006B4FAB0C}.Debug|Mixed Platforms.Build.0 = Debug|x86
		{C735B5AD-180A-413C-94A1-D8006B4FAB0C}.Debug|x64.ActiveCfg = Debug|x86
		{C735B5AD-180A-413C-94A1-D8006B4FAB0C}.Debug|x86.ActiveCfg = Debug|x86
		{C735B5AD-180A-413C-94A1-D8006B4FAB0C}.Debug|x86.Build.0 = Debug|x86
		{C735B5AD-180A-413C-94A1-D8006B4FAB0C}.DebugAndroid|Any CPU.ActiveCfg = DebugAndroid|x86
		{C735B5AD-180A-413C-94A1-D8006B4FAB0C}.DebugAndroid|Any CPU.Build.0 = DebugAndroid|x86
		{C735B5AD-180A-413C-94A1-D8006B4FAB0C}.DebugAndroid|Mixed Platforms.ActiveCfg = DebugAndroid|x86
		{C735B5AD-180A-413C-94A1-D8006B4FAB0C}.DebugAndroid|Mixed Platforms.Build.0 = DebugAndroid|x86
		{C735B5AD-180A-413C-94A1-D8006B4FAB0C}.DebugAndroid|x64.ActiveCfg = DebugAndroid|x86
		{C735B5AD-180A-413C-94A1-D8006B4FAB0C}.DebugAndroid|x86.ActiveCfg = DebugAndroid|x86
		{C735B5AD-180A-413C-94A1-D8006B4FAB0C}.DebugAndroid|x86.Build.0 = DebugAndroid|x86
		{C735B5AD-180A-413C-94A1-D8006B4FAB0C}.DebugIOS|Any CPU.ActiveCfg = DebugIOS|x86
		{C735B5AD-180A-413C-94A1-D8006B4FAB0C}.DebugIOS|Any CPU.Build.0 = DebugIOS|x86
		{C735B5AD-180A-413C-94A1-D8006B4FAB0C}.DebugIOS|Mixed Platforms.ActiveCfg = DebugIOS|x86
		{C735B5AD-180A-413C-94A1-D8006B4FAB0C}.DebugIOS|Mixed Platforms.Build.0 = DebugIOS|x86
		{C735B5AD-180A-413C-94A1-D8006B4FAB0C}.DebugIOS|x64.ActiveCfg = DebugIOS|x86
		{C735B5AD-180A-413C-94A1-D8006B4FAB0C}.DebugIOS|x86.ActiveCfg = DebugIOS|x86
		{C735B5AD-180A-413C-94A1-D8006B4FAB0C}.DebugIOS|x86.Build.0 = DebugIOS|x86
		{C735B5AD-180A-413C-94A1-D8006B4FAB0C}.Mixed|Any CPU.ActiveCfg = Mixed|x86
		{C735B5AD-180A-413C-94A1-D8006B4FAB0C}.Mixed|Mixed Platforms.ActiveCfg = Mixed|x86
		{C735B5AD-180A-413C-94A1-D8006B4FAB0C}.Mixed|Mixed Platforms.Build.0 = Mixed|x86
		{C735B5AD-180A-413C-94A1-D8006B4FAB0C}.Mixed|x64.ActiveCfg = Mixed|x86
		{C735B5AD-180A-413C-94A1-D8006B4FAB0C}.Mixed|x86.ActiveCfg = Mixed|x86
		{C735B5AD-180A-413C-94A1-D8006B4FAB0C}.Mixed|x86.Build.0 = Mixed|x86
		{C735B5AD-180A-413C-94A1-D8006B4FAB0C}.Release|Any CPU.ActiveCfg = Release|x86
		{C735B5AD-180A-413C-94A1-D8006B4FAB0C}.Release|Any CPU.Build.0 = Release|x86
		{C735B5AD-180A-413C-94A1-D8006B4FAB0C}.Release|Mixed Platforms.ActiveCfg = Release|x86
		{C735B5AD-180A-413C-94A1-D8006B4FAB0C}.Release|Mixed Platforms.Build.0 = Release|x86
		{C735B5AD-180A-413C-94A1-D8006B4FAB0C}.Release|x64.ActiveCfg = Release|x86
		{C735B5AD-180A-413C-94A1-D8006B4FAB0C}.Release|x86.ActiveCfg = Release|x86
		{C735B5AD-180A-413C-94A1-D8006B4FAB0C}.Release|x86.Build.0 = Release|x86
		{858DEE05-C700-4D21-B590-9A45ECCC10AC}.ArabAndroid|Any CPU.ActiveCfg = ArabAndroid|x86
		{858DEE05-C700-4D21-B590-9A45ECCC10AC}.ArabAndroid|Any CPU.Build.0 = ArabAndroid|x86
		{858DEE05-C700-4D21-B590-9A45ECCC10AC}.ArabAndroid|Mixed Platforms.ActiveCfg = ArabAndroid|Any CPU
		{858DEE05-C700-4D21-B590-9A45ECCC10AC}.ArabAndroid|Mixed Platforms.Build.0 = ArabAndroid|Any CPU
		{858DEE05-C700-4D21-B590-9A45ECCC10AC}.ArabAndroid|x64.ActiveCfg = ArabAndroid|x64
		{858DEE05-C700-4D21-B590-9A45ECCC10AC}.ArabAndroid|x64.Build.0 = ArabAndroid|x64
		{858DEE05-C700-4D21-B590-9A45ECCC10AC}.ArabAndroid|x86.ActiveCfg = ArabAndroid|x86
		{858DEE05-C700-4D21-B590-9A45ECCC10AC}.ArabAndroid|x86.Build.0 = ArabAndroid|x86
		{858DEE05-C700-4D21-B590-9A45ECCC10AC}.ArabIOS|Any CPU.ActiveCfg = ArabIOS|x86
		{858DEE05-C700-4D21-B590-9A45ECCC10AC}.ArabIOS|Any CPU.Build.0 = ArabIOS|x86
		{858DEE05-C700-4D21-B590-9A45ECCC10AC}.ArabIOS|Mixed Platforms.ActiveCfg = ArabIOS|Any CPU
		{858DEE05-C700-4D21-B590-9A45ECCC10AC}.ArabIOS|Mixed Platforms.Build.0 = ArabIOS|Any CPU
		{858DEE05-C700-4D21-B590-9A45ECCC10AC}.ArabIOS|x64.ActiveCfg = ArabIOS|x64
		{858DEE05-C700-4D21-B590-9A45ECCC10AC}.ArabIOS|x64.Build.0 = ArabIOS|x64
		{858DEE05-C700-4D21-B590-9A45ECCC10AC}.ArabIOS|x86.ActiveCfg = ArabIOS|x86
		{858DEE05-C700-4D21-B590-9A45ECCC10AC}.ArabIOS|x86.Build.0 = ArabIOS|x86
		{858DEE05-C700-4D21-B590-9A45ECCC10AC}.Debug|Any CPU.ActiveCfg = Debug|x86
		{858DEE05-C700-4D21-B590-9A45ECCC10AC}.Debug|Any CPU.Build.0 = Debug|x86
		{858DEE05-C700-4D21-B590-9A45ECCC10AC}.Debug|Mixed Platforms.ActiveCfg = Debug|Any CPU
		{858DEE05-C700-4D21-B590-9A45ECCC10AC}.Debug|Mixed Platforms.Build.0 = Debug|Any CPU
		{858DEE05-C700-4D21-B590-9A45ECCC10AC}.Debug|x64.ActiveCfg = Debug|x64
		{858DEE05-C700-4D21-B590-9A45ECCC10AC}.Debug|x64.Build.0 = Debug|x64
		{858DEE05-C700-4D21-B590-9A45ECCC10AC}.Debug|x86.ActiveCfg = Debug|x86
		{858DEE05-C700-4D21-B590-9A45ECCC10AC}.Debug|x86.Build.0 = Debug|x86
		{858DEE05-C700-4D21-B590-9A45ECCC10AC}.DebugAndroid|Any CPU.ActiveCfg = DebugAndroid|x86
		{858DEE05-C700-4D21-B590-9A45ECCC10AC}.DebugAndroid|Any CPU.Build.0 = DebugAndroid|x86
		{858DEE05-C700-4D21-B590-9A45ECCC10AC}.DebugAndroid|Mixed Platforms.ActiveCfg = Debug|Any CPU
		{858DEE05-C700-4D21-B590-9A45ECCC10AC}.DebugAndroid|Mixed Platforms.Build.0 = Debug|Any CPU
		{858DEE05-C700-4D21-B590-9A45ECCC10AC}.DebugAndroid|x64.ActiveCfg = Debug|x64
		{858DEE05-C700-4D21-B590-9A45ECCC10AC}.DebugAndroid|x64.Build.0 = Debug|x64
		{858DEE05-C700-4D21-B590-9A45ECCC10AC}.DebugAndroid|x86.ActiveCfg = DebugAndroid|x86
		{858DEE05-C700-4D21-B590-9A45ECCC10AC}.DebugAndroid|x86.Build.0 = DebugAndroid|x86
		{858DEE05-C700-4D21-B590-9A45ECCC10AC}.DebugIOS|Any CPU.ActiveCfg = DebugIOS|x86
		{858DEE05-C700-4D21-B590-9A45ECCC10AC}.DebugIOS|Any CPU.Build.0 = DebugIOS|x86
		{858DEE05-C700-4D21-B590-9A45ECCC10AC}.DebugIOS|Mixed Platforms.ActiveCfg = Debug|Any CPU
		{858DEE05-C700-4D21-B590-9A45ECCC10AC}.DebugIOS|Mixed Platforms.Build.0 = Debug|Any CPU
		{858DEE05-C700-4D21-B590-9A45ECCC10AC}.DebugIOS|x64.ActiveCfg = Debug|x64
		{858DEE05-C700-4D21-B590-9A45ECCC10AC}.DebugIOS|x64.Build.0 = Debug|x64
		{858DEE05-C700-4D21-B590-9A45ECCC10AC}.DebugIOS|x86.ActiveCfg = DebugIOS|x86
		{858DEE05-C700-4D21-B590-9A45ECCC10AC}.DebugIOS|x86.Build.0 = DebugIOS|x86
		{858DEE05-C700-4D21-B590-9A45ECCC10AC}.Mixed|Any CPU.ActiveCfg = Mixed|Any CPU
		{858DEE05-C700-4D21-B590-9A45ECCC10AC}.Mixed|Any CPU.Build.0 = Mixed|Any CPU
		{858DEE05-C700-4D21-B590-9A45ECCC10AC}.Mixed|Mixed Platforms.ActiveCfg = Mixed|x86
		{858DEE05-C700-4D21-B590-9A45ECCC10AC}.Mixed|Mixed Platforms.Build.0 = Mixed|x86
		{858DEE05-C700-4D21-B590-9A45ECCC10AC}.Mixed|x64.ActiveCfg = Mixed|x64
		{858DEE05-C700-4D21-B590-9A45ECCC10AC}.Mixed|x64.Build.0 = Mixed|x64
		{858DEE05-C700-4D21-B590-9A45ECCC10AC}.Mixed|x86.ActiveCfg = Mixed|x86
		{858DEE05-C700-4D21-B590-9A45ECCC10AC}.Mixed|x86.Build.0 = Mixed|x86
		{858DEE05-C700-4D21-B590-9A45ECCC10AC}.Release|Any CPU.ActiveCfg = Release|x86
		{858DEE05-C700-4D21-B590-9A45ECCC10AC}.Release|Any CPU.Build.0 = Release|x86
		{858DEE05-C700-4D21-B590-9A45ECCC10AC}.Release|Mixed Platforms.ActiveCfg = Release|Any CPU
		{858DEE05-C700-4D21-B590-9A45ECCC10AC}.Release|Mixed Platforms.Build.0 = Release|Any CPU
		{858DEE05-C700-4D21-B590-9A45ECCC10AC}.Release|x64.ActiveCfg = Release|x64
		{858DEE05-C700-4D21-B590-9A45ECCC10AC}.Release|x64.Build.0 = Release|x64
		{858DEE05-C700-4D21-B590-9A45ECCC10AC}.Release|x86.ActiveCfg = Release|x86
		{858DEE05-C700-4D21-B590-9A45ECCC10AC}.Release|x86.Build.0 = Release|x86
	EndGlobalSection
	GlobalSection(SolutionProperties) = preSolution
		HideSolutionNode = FALSE
	EndGlobalSection
	GlobalSection(Performance) = preSolution
		HasPerformanceSessions = true
	EndGlobalSection
EndGlobal
